# THIS IS AN AUTOGENERATED FILE. DO NOT EDIT THIS FILE DIRECTLY.
# yarn lockfile v1


"@noble/curves@^1.3.0":
  version "1.9.5"
  resolved "https://registry.yarnpkg.com/@noble/curves/-/curves-1.9.5.tgz#d3e15de15ff1a37e4bf629170ada84395e4cf6b5"
  integrity sha512-IHiC8xU74NLKg7gNmwMbUVtqqZy9OWKphTAChESCgsXI5NTK6n3ewOFXrj4Dxal/Ml8D3msbPIHfpHLwv50Q2w==
  dependencies:
    "@noble/hashes" "1.8.0"

"@noble/hashes@1.8.0", "@noble/hashes@^1.3.1", "@noble/hashes@^1.3.3":
  version "1.8.0"
  resolved "https://registry.yarnpkg.com/@noble/hashes/-/hashes-1.8.0.tgz#cee43d801fcef9644b11b8194857695acd5f815a"
  integrity sha512-jCs9ldd7NwzpgXDIf6P3+NrHh9/sD6CQdxHyjQI+h/6rDNo88ypBxxz45UDuZHz9r3tNz7N/VInSVoVdtXEI4A==

"@polkadot-api/json-rpc-provider-proxy@^0.1.0":
  version "0.1.0"
  resolved "https://registry.yarnpkg.com/@polkadot-api/json-rpc-provider-proxy/-/json-rpc-provider-proxy-0.1.0.tgz#6e191f28e7d0fbbe8b540fc51d12a0adaeba297e"
  integrity sha512-8GSFE5+EF73MCuLQm8tjrbCqlgclcHBSRaswvXziJ0ZW7iw3UEMsKkkKvELayWyBuOPa2T5i1nj6gFOeIsqvrg==

"@polkadot-api/json-rpc-provider@0.0.1", "@polkadot-api/json-rpc-provider@^0.0.1":
  version "0.0.1"
  resolved "https://registry.yarnpkg.com/@polkadot-api/json-rpc-provider/-/json-rpc-provider-0.0.1.tgz#333645d40ccd9bccfd1f32503f17e4e63e76e297"
  integrity sha512-/SMC/l7foRjpykLTUTacIH05H3mr9ip8b5xxfwXlVezXrNVLp3Cv0GX6uItkKd+ZjzVPf3PFrDF2B2/HLSNESA==

"@polkadot-api/metadata-builders@0.3.2":
  version "0.3.2"
  resolved "https://registry.yarnpkg.com/@polkadot-api/metadata-builders/-/metadata-builders-0.3.2.tgz#007f158c9e0546cf79ba440befc0c753ab1a6629"
  integrity sha512-TKpfoT6vTb+513KDzMBTfCb/ORdgRnsS3TDFpOhAhZ08ikvK+hjHMt5plPiAX/OWkm1Wc9I3+K6W0hX5Ab7MVg==
  dependencies:
    "@polkadot-api/substrate-bindings" "0.6.0"
    "@polkadot-api/utils" "0.1.0"

"@polkadot-api/observable-client@^0.3.0":
  version "0.3.2"
  resolved "https://registry.yarnpkg.com/@polkadot-api/observable-client/-/observable-client-0.3.2.tgz#fd91efee350595a6e0ecfd3f294cc80de86c0cf7"
  integrity sha512-HGgqWgEutVyOBXoGOPp4+IAq6CNdK/3MfQJmhCJb8YaJiaK4W6aRGrdQuQSTPHfERHCARt9BrOmEvTXAT257Ug==
  dependencies:
    "@polkadot-api/metadata-builders" "0.3.2"
    "@polkadot-api/substrate-bindings" "0.6.0"
    "@polkadot-api/utils" "0.1.0"

"@polkadot-api/substrate-bindings@0.6.0":
  version "0.6.0"
  resolved "https://registry.yarnpkg.com/@polkadot-api/substrate-bindings/-/substrate-bindings-0.6.0.tgz#889b0c3ba19dc95282286506bf6e370a43ce119a"
  integrity sha512-lGuhE74NA1/PqdN7fKFdE5C1gNYX357j1tWzdlPXI0kQ7h3kN0zfxNOpPUN7dIrPcOFZ6C0tRRVrBylXkI6xPw==
  dependencies:
    "@noble/hashes" "^1.3.1"
    "@polkadot-api/utils" "0.1.0"
    "@scure/base" "^1.1.1"
    scale-ts "^1.6.0"

"@polkadot-api/substrate-client@^0.1.2":
  version "0.1.4"
  resolved "https://registry.yarnpkg.com/@polkadot-api/substrate-client/-/substrate-client-0.1.4.tgz#7a808e5cb85ecb9fa2b3a43945090a6c807430ce"
  integrity sha512-MljrPobN0ZWTpn++da9vOvt+Ex+NlqTlr/XT7zi9sqPtDJiQcYl+d29hFAgpaeTqbeQKZwz3WDE9xcEfLE8c5A==
  dependencies:
    "@polkadot-api/json-rpc-provider" "0.0.1"
    "@polkadot-api/utils" "0.1.0"

"@polkadot-api/utils@0.1.0":
  version "0.1.0"
  resolved "https://registry.yarnpkg.com/@polkadot-api/utils/-/utils-0.1.0.tgz#d36937cdc465c2ea302f3278cf53157340ab33a0"
  integrity sha512-MXzWZeuGxKizPx2Xf/47wx9sr/uxKw39bVJUptTJdsaQn/TGq+z310mHzf1RCGvC1diHM8f593KrnDgc9oNbJA==

"@polkadot/api-augment@16.4.3":
  version "16.4.3"
  resolved "https://registry.yarnpkg.com/@polkadot/api-augment/-/api-augment-16.4.3.tgz#aa8620888566986631bb91941c00cddaa9709b4d"
  integrity sha512-0dchDoz1bg3BEXp8GKM0uPXDFi+CC4XftTPVXiJVji0Uh+UpA7nwuPZCFunUWGyE8A4odQh/gOlOsRBVgCrngQ==
  dependencies:
    "@polkadot/api-base" "16.4.3"
    "@polkadot/rpc-augment" "16.4.3"
    "@polkadot/types" "16.4.3"
    "@polkadot/types-augment" "16.4.3"
    "@polkadot/types-codec" "16.4.3"
    "@polkadot/util" "^13.5.4"
    tslib "^2.8.1"

"@polkadot/api-base@16.4.3":
  version "16.4.3"
  resolved "https://registry.yarnpkg.com/@polkadot/api-base/-/api-base-16.4.3.tgz#4993b4c4f5dea5f9f9cddf98685793ba7bf4eae6"
  integrity sha512-sotZm4tBlux9pKZUME3ZfQjSgxQ6OAkK4AtHgZgl7/rvXJDLywcD7VRDQNXzomePGdItFQZwbnbwwkzQwGoD/Q==
  dependencies:
    "@polkadot/rpc-core" "16.4.3"
    "@polkadot/types" "16.4.3"
    "@polkadot/util" "^13.5.4"
    rxjs "^7.8.1"
    tslib "^2.8.1"

"@polkadot/api-derive@16.4.3":
  version "16.4.3"
  resolved "https://registry.yarnpkg.com/@polkadot/api-derive/-/api-derive-16.4.3.tgz#9b4060c4213d95a2ab2cf37fa9053b07cdff2988"
  integrity sha512-Zlvf/XrQdP98X8chM01nzjAIDLeWQ1CipPlgphXwYjCfqwQuOIDoXyQQX3r8QjskSRKl5lBec/EQD9Nb46/CpQ==
  dependencies:
    "@polkadot/api" "16.4.3"
    "@polkadot/api-augment" "16.4.3"
    "@polkadot/api-base" "16.4.3"
    "@polkadot/rpc-core" "16.4.3"
    "@polkadot/types" "16.4.3"
    "@polkadot/types-codec" "16.4.3"
    "@polkadot/util" "^13.5.4"
    "@polkadot/util-crypto" "^13.5.4"
    rxjs "^7.8.1"
    tslib "^2.8.1"

"@polkadot/api@16.4.3", "@polkadot/api@^16.4.3":
  version "16.4.3"
  resolved "https://registry.yarnpkg.com/@polkadot/api/-/api-16.4.3.tgz#503e83b4b2dae81de0a4546675b4e6788168a331"
  integrity sha512-d/yn9oT69zXUzC+KVqC8+tKxlqA9s/QzGSCdbUEpWPVmHoulLuw/ODEvYiJgWyuXelWjpqJoNPFQ8qWNRxZIkQ==
  dependencies:
    "@polkadot/api-augment" "16.4.3"
    "@polkadot/api-base" "16.4.3"
    "@polkadot/api-derive" "16.4.3"
    "@polkadot/keyring" "^13.5.4"
    "@polkadot/rpc-augment" "16.4.3"
    "@polkadot/rpc-core" "16.4.3"
    "@polkadot/rpc-provider" "16.4.3"
    "@polkadot/types" "16.4.3"
    "@polkadot/types-augment" "16.4.3"
    "@polkadot/types-codec" "16.4.3"
    "@polkadot/types-create" "16.4.3"
    "@polkadot/types-known" "16.4.3"
    "@polkadot/util" "^13.5.4"
    "@polkadot/util-crypto" "^13.5.4"
    eventemitter3 "^5.0.1"
    rxjs "^7.8.1"
    tslib "^2.8.1"

"@polkadot/keyring@^13.5.4":
  version "13.5.4"
  resolved "https://registry.yarnpkg.com/@polkadot/keyring/-/keyring-13.5.4.tgz#7feb053dc627f3cf0511d89ef850023d32041441"
  integrity sha512-dQ/yq2OAl6jvjH+drxyqcfprsU2J9h74GSy5X4499W6YNwCt/2pxAJbmsM3lDWUlGOV1Wnp/aNHHs9kjb8GaJw==
  dependencies:
    "@polkadot/util" "13.5.4"
    "@polkadot/util-crypto" "13.5.4"
    tslib "^2.8.0"

"@polkadot/networks@13.5.4", "@polkadot/networks@^13.5.4":
  version "13.5.4"
  resolved "https://registry.yarnpkg.com/@polkadot/networks/-/networks-13.5.4.tgz#704ebec54f43029285247fdaeb19ac4b370ba7a1"
  integrity sha512-JD7brNZsWTWbT3bDnEsAYkJfESvmn1XcoFMLoivVrg8dPXqYxoWcYveKPORjPyMPP6wgJ498vJGq7Ce0ihZ8ig==
  dependencies:
    "@polkadot/util" "13.5.4"
    "@substrate/ss58-registry" "^1.51.0"
    tslib "^2.8.0"

"@polkadot/rpc-augment@16.4.3":
  version "16.4.3"
  resolved "https://registry.yarnpkg.com/@polkadot/rpc-augment/-/rpc-augment-16.4.3.tgz#17cc62cdd39f1c866c8d1785ee6fe1ab46e58122"
  integrity sha512-iQPBSpQsbJi06p6HE7urj17VfoPwUWSfUvFzQRIiFhvqhP7ELZwleORotZX+7NQEJ4WVSxgYHMEIays84x4ckQ==
  dependencies:
    "@polkadot/rpc-core" "16.4.3"
    "@polkadot/types" "16.4.3"
    "@polkadot/types-codec" "16.4.3"
    "@polkadot/util" "^13.5.4"
    tslib "^2.8.1"

"@polkadot/rpc-core@16.4.3":
  version "16.4.3"
  resolved "https://registry.yarnpkg.com/@polkadot/rpc-core/-/rpc-core-16.4.3.tgz#ffec951f81676fb06ece3d0ca4638e18f7dad288"
  integrity sha512-aYWFdd5B5nkDf+FnNPvdr3QZ7J8zPeJO9d4GbKBfwsSc6szW+O3gxc76nP7XOMQzNZeK54rtWsf+u/AyAxaWqw==
  dependencies:
    "@polkadot/rpc-augment" "16.4.3"
    "@polkadot/rpc-provider" "16.4.3"
    "@polkadot/types" "16.4.3"
    "@polkadot/util" "^13.5.4"
    rxjs "^7.8.1"
    tslib "^2.8.1"

"@polkadot/rpc-provider@16.4.3":
  version "16.4.3"
  resolved "https://registry.yarnpkg.com/@polkadot/rpc-provider/-/rpc-provider-16.4.3.tgz#d705f5010b083ce7dbfd53377487afd4b4d0f05e"
  integrity sha512-FAMiMCeF/APSALV9h8Ifxm92A35RbrldmeG/B9vuEyTaLV3+7RLax9Jpy5IBZlReFWryjAwilRNc0K8nADnoPA==
  dependencies:
    "@polkadot/keyring" "^13.5.4"
    "@polkadot/types" "16.4.3"
    "@polkadot/types-support" "16.4.3"
    "@polkadot/util" "^13.5.4"
    "@polkadot/util-crypto" "^13.5.4"
    "@polkadot/x-fetch" "^13.5.4"
    "@polkadot/x-global" "^13.5.4"
    "@polkadot/x-ws" "^13.5.4"
    eventemitter3 "^5.0.1"
    mock-socket "^9.3.1"
    nock "^13.5.5"
    tslib "^2.8.1"
  optionalDependencies:
    "@substrate/connect" "0.8.11"

"@polkadot/types-augment@16.4.3":
  version "16.4.3"
  resolved "https://registry.yarnpkg.com/@polkadot/types-augment/-/types-augment-16.4.3.tgz#833864d5d147980ce890d3225a35b4601638d83c"
  integrity sha512-p2xaPeC1OqtPeOqyAMrvH6hiegz3wNRrWtYC/HDfVPzwYS5/rxID8Zl+qUp7DEB+6Sn8EKHdqZWyAhwsHOM+Yg==
  dependencies:
    "@polkadot/types" "16.4.3"
    "@polkadot/types-codec" "16.4.3"
    "@polkadot/util" "^13.5.4"
    tslib "^2.8.1"

"@polkadot/types-codec@16.4.3":
  version "16.4.3"
  resolved "https://registry.yarnpkg.com/@polkadot/types-codec/-/types-codec-16.4.3.tgz#fd931094b87e5c1d651827d9d9560c17063d0780"
  integrity sha512-tsezTQwwf6dnCK9ShKt3HbzTH+8nWYYhdcExwx90PYIXUmMb0zbK5bfVLSyh1VvcSy6a9TeBR/AiL6n8/c5gDg==
  dependencies:
    "@polkadot/util" "^13.5.4"
    "@polkadot/x-bigint" "^13.5.4"
    tslib "^2.8.1"

"@polkadot/types-create@16.4.3":
  version "16.4.3"
  resolved "https://registry.yarnpkg.com/@polkadot/types-create/-/types-create-16.4.3.tgz#88b3b1a0ef031ebcaa0504a09683b1f5dcb5027f"
  integrity sha512-DVBn4hZ6IJhfmRCZfaHaF40nGooLHEzLaIm4O3w4fw10msk37EcZqbC1sCviSfu5E3vtDVQEIAmI+EYN3Ao3cA==
  dependencies:
    "@polkadot/types-codec" "16.4.3"
    "@polkadot/util" "^13.5.4"
    tslib "^2.8.1"

"@polkadot/types-known@16.4.3":
  version "16.4.3"
  resolved "https://registry.yarnpkg.com/@polkadot/types-known/-/types-known-16.4.3.tgz#c17a69ed51fa6de31bc3dafeba806cd29c3eeff8"
  integrity sha512-E2SGAlQMM6+yMhqw4B517dB404R/PBE5TQBKKVrXsZhOjrDBbBjlHovK01m/dY9Jyq63rlFomFLj7W3gG0Ubpg==
  dependencies:
    "@polkadot/networks" "^13.5.4"
    "@polkadot/types" "16.4.3"
    "@polkadot/types-codec" "16.4.3"
    "@polkadot/types-create" "16.4.3"
    "@polkadot/util" "^13.5.4"
    tslib "^2.8.1"

"@polkadot/types-support@16.4.3":
  version "16.4.3"
  resolved "https://registry.yarnpkg.com/@polkadot/types-support/-/types-support-16.4.3.tgz#decca9f9490e4b81a65310a894a2764157207070"
  integrity sha512-7kecKQXtH0wAHn2e2LeXYqA0t8YlSDuuUtEdnmlOlyCKwYJrQRWCwlOnkl/tixp//ZHYdr7i0JYB66y80mQYTA==
  dependencies:
    "@polkadot/util" "^13.5.4"
    tslib "^2.8.1"

"@polkadot/types@16.4.3":
  version "16.4.3"
  resolved "https://registry.yarnpkg.com/@polkadot/types/-/types-16.4.3.tgz#9e5c6e94fab20a8baf53bc257a4624bf00b3eabc"
  integrity sha512-QkyNbjw0+yw+fHJoE1EDaxs3IiqZMqrBq8XnlpqPr3OohzhkkB1r3cM25dl3bnfX99Y13HgYtQIFqKPDb1hgpw==
  dependencies:
    "@polkadot/keyring" "^13.5.4"
    "@polkadot/types-augment" "16.4.3"
    "@polkadot/types-codec" "16.4.3"
    "@polkadot/types-create" "16.4.3"
    "@polkadot/util" "^13.5.4"
    "@polkadot/util-crypto" "^13.5.4"
    rxjs "^7.8.1"
    tslib "^2.8.1"

"@polkadot/util-crypto@13.5.4", "@polkadot/util-crypto@^13.5.4":
  version "13.5.4"
  resolved "https://registry.yarnpkg.com/@polkadot/util-crypto/-/util-crypto-13.5.4.tgz#32846e67c910bbc24beffb72c16da88d39238176"
  integrity sha512-XkKtiUi6I60DxT0dblGajZsqX4jWTnMpj4Pqxddz61KbpmvyybtAUqgmXOmO/Mob6TgGTutPuFeE7uMNEdFdJw==
  dependencies:
    "@noble/curves" "^1.3.0"
    "@noble/hashes" "^1.3.3"
    "@polkadot/networks" "13.5.4"
    "@polkadot/util" "13.5.4"
    "@polkadot/wasm-crypto" "^7.4.1"
    "@polkadot/wasm-util" "^7.4.1"
    "@polkadot/x-bigint" "13.5.4"
    "@polkadot/x-randomvalues" "13.5.4"
    "@scure/base" "^1.1.7"
    tslib "^2.8.0"

"@polkadot/util@13.5.4", "@polkadot/util@^13.5.4":
  version "13.5.4"
  resolved "https://registry.yarnpkg.com/@polkadot/util/-/util-13.5.4.tgz#dd10518dddc2d2bf2600ef06c34bd66cd36589ab"
  integrity sha512-w/D7tqfx5a+yHcVBTb+CWGwpJTwcFRNJaVIBxl/MjF3x8JUZCtcKNwklpWJH5HtwaXT1Mt2aBKjoxlNdnd6FYg==
  dependencies:
    "@polkadot/x-bigint" "13.5.4"
    "@polkadot/x-global" "13.5.4"
    "@polkadot/x-textdecoder" "13.5.4"
    "@polkadot/x-textencoder" "13.5.4"
    "@types/bn.js" "^5.1.6"
    bn.js "^5.2.1"
    tslib "^2.8.0"

"@polkadot/wasm-bridge@7.4.1":
  version "7.4.1"
  resolved "https://registry.yarnpkg.com/@polkadot/wasm-bridge/-/wasm-bridge-7.4.1.tgz#dd59ebb7c425657aad64b1430e8455d14d935059"
  integrity sha512-tdkJaV453tezBxhF39r4oeG0A39sPKGDJmN81LYLf+Fihb7astzwju+u75BRmDrHZjZIv00un3razJEWCxze6g==
  dependencies:
    "@polkadot/wasm-util" "7.4.1"
    tslib "^2.7.0"

"@polkadot/wasm-crypto-asmjs@7.4.1":
  version "7.4.1"
  resolved "https://registry.yarnpkg.com/@polkadot/wasm-crypto-asmjs/-/wasm-crypto-asmjs-7.4.1.tgz#5d36f3f498077f826f2bbe742070574606e673e9"
  integrity sha512-pwU8QXhUW7IberyHJIQr37IhbB6DPkCG5FhozCiNTq4vFBsFPjm9q8aZh7oX1QHQaiAZa2m2/VjIVE+FHGbvHQ==
  dependencies:
    tslib "^2.7.0"

"@polkadot/wasm-crypto-init@7.4.1":
  version "7.4.1"
  resolved "https://registry.yarnpkg.com/@polkadot/wasm-crypto-init/-/wasm-crypto-init-7.4.1.tgz#88bc61c9473a7c39d9fafb27cd631215b053b836"
  integrity sha512-AVka33+f7MvXEEIGq5U0dhaA2SaXMXnxVCQyhJTaCnJ5bRDj0Xlm3ijwDEQUiaDql7EikbkkRtmlvs95eSUWYQ==
  dependencies:
    "@polkadot/wasm-bridge" "7.4.1"
    "@polkadot/wasm-crypto-asmjs" "7.4.1"
    "@polkadot/wasm-crypto-wasm" "7.4.1"
    "@polkadot/wasm-util" "7.4.1"
    tslib "^2.7.0"

"@polkadot/wasm-crypto-wasm@7.4.1":
  version "7.4.1"
  resolved "https://registry.yarnpkg.com/@polkadot/wasm-crypto-wasm/-/wasm-crypto-wasm-7.4.1.tgz#73d08f59aaf51ed70563c0099e7852fdeda03649"
  integrity sha512-PE1OAoupFR0ZOV2O8tr7D1FEUAwaggzxtfs3Aa5gr+yxlSOaWUKeqsOYe1KdrcjmZVV3iINEAXxgrbzCmiuONg==
  dependencies:
    "@polkadot/wasm-util" "7.4.1"
    tslib "^2.7.0"

"@polkadot/wasm-crypto@^7.4.1":
  version "7.4.1"
  resolved "https://registry.yarnpkg.com/@polkadot/wasm-crypto/-/wasm-crypto-7.4.1.tgz#6d5f94d28bf92ef234b94d55b0d1f4299cbbb7b7"
  integrity sha512-kHN/kF7hYxm1y0WeFLWeWir6oTzvcFmR4N8fJJokR+ajYbdmrafPN+6iLgQVbhZnDdxyv9jWDuRRsDnBx8tPMQ==
  dependencies:
    "@polkadot/wasm-bridge" "7.4.1"
    "@polkadot/wasm-crypto-asmjs" "7.4.1"
    "@polkadot/wasm-crypto-init" "7.4.1"
    "@polkadot/wasm-crypto-wasm" "7.4.1"
    "@polkadot/wasm-util" "7.4.1"
    tslib "^2.7.0"

"@polkadot/wasm-util@7.4.1", "@polkadot/wasm-util@^7.4.1":
  version "7.4.1"
  resolved "https://registry.yarnpkg.com/@polkadot/wasm-util/-/wasm-util-7.4.1.tgz#e8cea38a3b752efdef55080bb1da795ac71c5136"
  integrity sha512-RAcxNFf3zzpkr+LX/ItAsvj+QyM56TomJ0xjUMo4wKkHjwsxkz4dWJtx5knIgQz/OthqSDMR59VNEycQeNuXzA==
  dependencies:
    tslib "^2.7.0"

"@polkadot/x-bigint@13.5.4", "@polkadot/x-bigint@^13.5.4":
  version "13.5.4"
  resolved "https://registry.yarnpkg.com/@polkadot/x-bigint/-/x-bigint-13.5.4.tgz#6b44bef61fb46f57938142800a72c6faa5a5873f"
  integrity sha512-vA4vjHWDUAnoAxzp1kSQMCzaArdagGXCNlooI2EOZ0pcFnEf4NkKCVjYg8i5L1QOYRAeJjgoKjKwCFBx63vtRw==
  dependencies:
    "@polkadot/x-global" "13.5.4"
    tslib "^2.8.0"

"@polkadot/x-fetch@^13.5.4":
  version "13.5.4"
  resolved "https://registry.yarnpkg.com/@polkadot/x-fetch/-/x-fetch-13.5.4.tgz#d5cf5537da371182d91469c5232b2f9a72e96094"
  integrity sha512-VVhmfPaQwFVopgtMUCNhodyZXBy9P4wkQwwYWpkQv2KqYOEQVck/Hhq8IVhGdbtPJxCAWsj/EyYTzUIHZ9aBlw==
  dependencies:
    "@polkadot/x-global" "13.5.4"
    node-fetch "^3.3.2"
    tslib "^2.8.0"

"@polkadot/x-global@13.5.4", "@polkadot/x-global@^13.5.4":
  version "13.5.4"
  resolved "https://registry.yarnpkg.com/@polkadot/x-global/-/x-global-13.5.4.tgz#070c8c69118db758a679304bd216adfc2c405f73"
  integrity sha512-oRUdO8/uKOEmLoPUFYgGascE/nyjT2ObRdf7jgwXOd9f+uUHPiE3K/MNAEi9t9sRKs8dbqgyaGWLTRYCDyzMag==
  dependencies:
    tslib "^2.8.0"

"@polkadot/x-randomvalues@13.5.4":
  version "13.5.4"
  resolved "https://registry.yarnpkg.com/@polkadot/x-randomvalues/-/x-randomvalues-13.5.4.tgz#638e88f3421f29ace61fb44608cf16dacb017c54"
  integrity sha512-jKVEj+wVO83drbFFGGxhHJqwsOZCzyy6HVwQ/M9G6zhNXHrT46OWK+myd3dB4KbHoxWuH03Nvh540vMC3ah8Fw==
  dependencies:
    "@polkadot/x-global" "13.5.4"
    tslib "^2.8.0"

"@polkadot/x-textdecoder@13.5.4":
  version "13.5.4"
  resolved "https://registry.yarnpkg.com/@polkadot/x-textdecoder/-/x-textdecoder-13.5.4.tgz#8400fc8c248ac0782926eced85e014df81bdee44"
  integrity sha512-+5rWIs+mhvBR2D7+/gWQyKKDoQzyHRIUrygphxdpBsFSvsJkTTGeGXLiD/ls0gTTE31Kb6StQJi1b9h6ywOvfg==
  dependencies:
    "@polkadot/x-global" "13.5.4"
    tslib "^2.8.0"

"@polkadot/x-textencoder@13.5.4":
  version "13.5.4"
  resolved "https://registry.yarnpkg.com/@polkadot/x-textencoder/-/x-textencoder-13.5.4.tgz#177d1cb0c9d6e0bd6fd54baee7cb0aa1fe923200"
  integrity sha512-GQ4kVJLtiirjI3NAKCnXCSIRudpTKog5SFPqouImV4X5rSsxnLf2xOqLwgYobdv3SIpTHBA1vy2RpQqUQUF6vw==
  dependencies:
    "@polkadot/x-global" "13.5.4"
    tslib "^2.8.0"

"@polkadot/x-ws@^13.5.4":
  version "13.5.4"
  resolved "https://registry.yarnpkg.com/@polkadot/x-ws/-/x-ws-13.5.4.tgz#b3dbc365ec53bf48b6ba699ab050480ef58ec5be"
  integrity sha512-tznbRjPnb3QW8v6+7zUoJINL84DW2dHJjwd0rkU0dtwzc9Y92faxz3bgOrCpgC2oVDpyUUg2PsyjokVBQHqLSA==
  dependencies:
    "@polkadot/x-global" "13.5.4"
    tslib "^2.8.0"
    ws "^8.18.0"

"@scure/base@^1.1.1", "@scure/base@^1.1.7":
  version "1.2.6"
  resolved "https://registry.yarnpkg.com/@scure/base/-/base-1.2.6.tgz#ca917184b8231394dd8847509c67a0be522e59f6"
  integrity sha512-g/nm5FgUa//MCj1gV09zTJTaM6KBAHqLN907YVQqf7zC49+DcO4B1so4ZX07Ef10Twr6nuqYEH9GEggFXA4Fmg==

"@substrate/connect-extension-protocol@^2.0.0":
  version "2.2.2"
  resolved "https://registry.yarnpkg.com/@substrate/connect-extension-protocol/-/connect-extension-protocol-2.2.2.tgz#2cf8f2eaf1879308d307a1a08df83cd5db918fe0"
  integrity sha512-t66jwrXA0s5Goq82ZtjagLNd7DPGCNjHeehRlE/gcJmJ+G56C0W+2plqOMRicJ8XGR1/YFnUSEqUFiSNbjGrAA==

"@substrate/connect-known-chains@^1.1.5":
  version "1.10.3"
  resolved "https://registry.yarnpkg.com/@substrate/connect-known-chains/-/connect-known-chains-1.10.3.tgz#71a89864f13626c412fa0a9d0ffc4f6ca39fdcec"
  integrity sha512-OJEZO1Pagtb6bNE3wCikc2wrmvEU5x7GxFFLqqbz1AJYYxSlrPCGu4N2og5YTExo4IcloNMQYFRkBGue0BKZ4w==

"@substrate/connect@0.8.11":
  version "0.8.11"
  resolved "https://registry.yarnpkg.com/@substrate/connect/-/connect-0.8.11.tgz#983ec69a05231636e217b573b8130a6b942af69f"
  integrity sha512-ofLs1PAO9AtDdPbdyTYj217Pe+lBfTLltdHDs3ds8no0BseoLeAGxpz1mHfi7zB4IxI3YyAiLjH6U8cw4pj4Nw==
  dependencies:
    "@substrate/connect-extension-protocol" "^2.0.0"
    "@substrate/connect-known-chains" "^1.1.5"
    "@substrate/light-client-extension-helpers" "^1.0.0"
    smoldot "2.0.26"

"@substrate/light-client-extension-helpers@^1.0.0":
  version "1.0.0"
  resolved "https://registry.yarnpkg.com/@substrate/light-client-extension-helpers/-/light-client-extension-helpers-1.0.0.tgz#7b60368c57e06e5cf798c6557422d12e6d81f1ff"
  integrity sha512-TdKlni1mBBZptOaeVrKnusMg/UBpWUORNDv5fdCaJklP4RJiFOzBCrzC+CyVI5kQzsXBisZ+2pXm+rIjS38kHg==
  dependencies:
    "@polkadot-api/json-rpc-provider" "^0.0.1"
    "@polkadot-api/json-rpc-provider-proxy" "^0.1.0"
    "@polkadot-api/observable-client" "^0.3.0"
    "@polkadot-api/substrate-client" "^0.1.2"
    "@substrate/connect-extension-protocol" "^2.0.0"
    "@substrate/connect-known-chains" "^1.1.5"
    rxjs "^7.8.1"

"@substrate/ss58-registry@^1.51.0":
  version "1.51.0"
  resolved "https://registry.yarnpkg.com/@substrate/ss58-registry/-/ss58-registry-1.51.0.tgz#39e0341eb4069c2d3e684b93f0d8cb0bec572383"
  integrity sha512-TWDurLiPxndFgKjVavCniytBIw+t4ViOi7TYp9h/D0NMmkEc9klFTo+827eyEJ0lELpqO207Ey7uGxUa+BS1jQ==

"@types/bn.js@^5.1.6":
  version "5.2.0"
  resolved "https://registry.yarnpkg.com/@types/bn.js/-/bn.js-5.2.0.tgz#4349b9710e98f9ab3cdc50f1c5e4dcbd8ef29c80"
  integrity sha512-DLbJ1BPqxvQhIGbeu8VbUC1DiAiahHtAYvA0ZEAa4P31F7IaArc8z3C3BRQdWX4mtLQuABG4yzp76ZrS02Ui1Q==
  dependencies:
    "@types/node" "*"

"@types/node@*":
  version "24.1.0"
  resolved "https://registry.yarnpkg.com/@types/node/-/node-24.1.0.tgz#0993f7dc31ab5cc402d112315b463e383d68a49c"
  integrity sha512-ut5FthK5moxFKH2T1CUOC6ctR67rQRvvHdFLCD2Ql6KXmMuCrjsSsRI9UsLCm9M18BMwClv4pn327UvB7eeO1w==
  dependencies:
    undici-types "~7.8.0"

bn.js@^5.2.1:
  version "5.2.2"
  resolved "https://registry.yarnpkg.com/bn.js/-/bn.js-5.2.2.tgz#82c09f9ebbb17107cd72cb7fd39bd1f9d0aaa566"
  integrity sha512-v2YAxEmKaBLahNwE1mjp4WON6huMNeuDvagFZW+ASCuA/ku0bXR9hSMw0XpiqMoA3+rmnyck/tPRSFQkoC9Cuw==

data-uri-to-buffer@^4.0.0:
  version "4.0.1"
  resolved "https://registry.yarnpkg.com/data-uri-to-buffer/-/data-uri-to-buffer-4.0.1.tgz#d8feb2b2881e6a4f58c2e08acfd0e2834e26222e"
  integrity sha512-0R9ikRb668HB7QDxT1vkpuUBtqc53YyAwMwGeUFKRojY/NWKvdZ+9UYtRfGmhqNbRkTSVpMbmyhXipFFv2cb/A==

debug@^4.1.0:
  version "4.4.1"
  resolved "https://registry.yarnpkg.com/debug/-/debug-4.4.1.tgz#e5a8bc6cbc4c6cd3e64308b0693a3d4fa550189b"
  integrity sha512-KcKCqiftBJcZr++7ykoDIEwSa3XWowTfNPo92BYxjXiyYEVrUQh2aLyhxBCwww+heortUFxEJYcRzosstTEBYQ==
  dependencies:
    ms "^2.1.3"

eventemitter3@^5.0.1:
  version "5.0.1"
  resolved "https://registry.yarnpkg.com/eventemitter3/-/eventemitter3-5.0.1.tgz#53f5ffd0a492ac800721bb42c66b841de96423c4"
  integrity sha512-GWkBvjiSZK87ELrYOSESUYeVIc9mvLLf/nXalMOS5dYrgZq9o5OVkbZAVM06CVxYsCwH9BDZFPlQTlPA1j4ahA==

fetch-blob@^3.1.2, fetch-blob@^3.1.4:
  version "3.2.0"
  resolved "https://registry.yarnpkg.com/fetch-blob/-/fetch-blob-3.2.0.tgz#f09b8d4bbd45adc6f0c20b7e787e793e309dcce9"
  integrity sha512-7yAQpD2UMJzLi1Dqv7qFYnPbaPx7ZfFK6PiIxQ4PfkGPyNyl2Ugx+a/umUonmKqjhM4DnfbMvdX6otXq83soQQ==
  dependencies:
    node-domexception "^1.0.0"
    web-streams-polyfill "^3.0.3"

formdata-polyfill@^4.0.10:
  version "4.0.10"
  resolved "https://registry.yarnpkg.com/formdata-polyfill/-/formdata-polyfill-4.0.10.tgz#24807c31c9d402e002ab3d8c720144ceb8848423"
  integrity sha512-buewHzMvYL29jdeQTVILecSaZKnt/RJWjoZCF5OW60Z67/GmSLBkOFM7qh1PI3zFNtJbaZL5eQu1vLfazOwj4g==
  dependencies:
    fetch-blob "^3.1.2"

json-stringify-safe@^5.0.1:
  version "5.0.1"
  resolved "https://registry.yarnpkg.com/json-stringify-safe/-/json-stringify-safe-5.0.1.tgz#1296a2d58fd45f19a0f6ce01d65701e2c735b6eb"
  integrity sha512-ZClg6AaYvamvYEE82d3Iyd3vSSIjQ+odgjaTzRuO3s7toCdFKczob2i0zCh7JE8kWn17yvAWhUVxvqGwUalsRA==

mock-socket@^9.3.1:
  version "9.3.1"
  resolved "https://registry.yarnpkg.com/mock-socket/-/mock-socket-9.3.1.tgz#24fb00c2f573c84812aa4a24181bb025de80cc8e"
  integrity sha512-qxBgB7Qa2sEQgHFjj0dSigq7fX4k6Saisd5Nelwp2q8mlbAFh5dHV9JTTlF8viYJLSSWgMCZFUom8PJcMNBoJw==

ms@^2.1.3:
  version "2.1.3"
  resolved "https://registry.yarnpkg.com/ms/-/ms-2.1.3.tgz#574c8138ce1d2b5861f0b44579dbadd60c6615b2"
  integrity sha512-6FlzubTLZG3J2a/NVCAleEhjzq5oxgHyaCU9yYXvcLsvoVaHJq/s5xXI6/XXP6tz7R9xAOtHnSO/tXtF3WRTlA==

nock@^13.5.5:
  version "13.5.6"
  resolved "https://registry.yarnpkg.com/nock/-/nock-13.5.6.tgz#5e693ec2300bbf603b61dae6df0225673e6c4997"
  integrity sha512-o2zOYiCpzRqSzPj0Zt/dQ/DqZeYoaQ7TUonc/xUPjCGl9WeHpNbxgVvOquXYAaJzI0M9BXV3HTzG0p8IUAbBTQ==
  dependencies:
    debug "^4.1.0"
    json-stringify-safe "^5.0.1"
    propagate "^2.0.0"

node-domexception@^1.0.0:
  version "1.0.0"
  resolved "https://registry.yarnpkg.com/node-domexception/-/node-domexception-1.0.0.tgz#6888db46a1f71c0b76b3f7555016b63fe64766e5"
  integrity sha512-/jKZoMpw0F8GRwl4/eLROPA3cfcXtLApP0QzLmUT/HuPCZWyB7IY9ZrMeKw2O/nFIqPQB3PVM9aYm0F312AXDQ==

node-fetch@^3.3.2:
  version "3.3.2"
  resolved "https://registry.yarnpkg.com/node-fetch/-/node-fetch-3.3.2.tgz#d1e889bacdf733b4ff3b2b243eb7a12866a0b78b"
  integrity sha512-dRB78srN/l6gqWulah9SrxeYnxeddIG30+GOqK/9OlLVyLg3HPnr6SqOWTWOXKRwC2eGYCkZ59NNuSgvSrpgOA==
  dependencies:
    data-uri-to-buffer "^4.0.0"
    fetch-blob "^3.1.4"
    formdata-polyfill "^4.0.10"

propagate@^2.0.0:
  version "2.0.1"
  resolved "https://registry.yarnpkg.com/propagate/-/propagate-2.0.1.tgz#40cdedab18085c792334e64f0ac17256d38f9a45"
  integrity sha512-vGrhOavPSTz4QVNuBNdcNXePNdNMaO1xj9yBeH1ScQPjk/rhg9sSlCXPhMkFuaNNW/syTvYqsnbIJxMBfRbbag==

rxjs@^7.8.1:
  version "7.8.2"
  resolved "https://registry.yarnpkg.com/rxjs/-/rxjs-7.8.2.tgz#955bc473ed8af11a002a2be52071bf475638607b"
  integrity sha512-dhKf903U/PQZY6boNNtAGdWbG85WAbjT/1xYoZIC7FAY0yWapOBQVsVrDl58W86//e1VpMNBtRV4MaXfdMySFA==
  dependencies:
    tslib "^2.1.0"

scale-ts@^1.6.0:
  version "1.6.1"
  resolved "https://registry.yarnpkg.com/scale-ts/-/scale-ts-1.6.1.tgz#45151e156d6c04792223c39d8e7484ce926445f2"
  integrity sha512-PBMc2AWc6wSEqJYBDPcyCLUj9/tMKnLX70jLOSndMtcUoLQucP/DM0vnQo1wJAYjTrQiq8iG9rD0q6wFzgjH7g==

smoldot@2.0.26:
  version "2.0.26"
  resolved "https://registry.yarnpkg.com/smoldot/-/smoldot-2.0.26.tgz#0e64c7fcd26240fbe4c8d6b6e4b9a9aca77e00f6"
  integrity sha512-F+qYmH4z2s2FK+CxGj8moYcd1ekSIKH8ywkdqlOz88Dat35iB1DIYL11aILN46YSGMzQW/lbJNS307zBSDN5Ig==
  dependencies:
    ws "^8.8.1"

tslib@^2.1.0, tslib@^2.7.0, tslib@^2.8.0, tslib@^2.8.1:
  version "2.8.1"
  resolved "https://registry.yarnpkg.com/tslib/-/tslib-2.8.1.tgz#612efe4ed235d567e8aba5f2a5fab70280ade83f"
  integrity sha512-oJFu94HQb+KVduSUQL7wnpmqnfmLsOA/nAh6b6EH0wCEoK0/mPeXU6c3wKDV83MkOuHPRHtSXKKU99IBazS/2w==

undici-types@~7.8.0:
  version "7.8.0"
  resolved "https://registry.yarnpkg.com/undici-types/-/undici-types-7.8.0.tgz#de00b85b710c54122e44fbfd911f8d70174cd294"
  integrity sha512-9UJ2xGDvQ43tYyVMpuHlsgApydB8ZKfVYTsLDhXkFL/6gfkp+U8xTGdh8pMJv1SpZna0zxG1DwsKZsreLbXBxw==

web-streams-polyfill@^3.0.3:
  version "3.3.3"
  resolved "https://registry.yarnpkg.com/web-streams-polyfill/-/web-streams-polyfill-3.3.3.tgz#2073b91a2fdb1fbfbd401e7de0ac9f8214cecb4b"
  integrity sha512-d2JWLCivmZYTSIoge9MsgFCZrt571BikcWGYkjC1khllbTeDlGqZ2D8vD8E/lJa8WGWbb7Plm8/XJYV7IJHZZw==

ws@^8.18.0, ws@^8.8.1:
  version "8.18.3"
  resolved "https://registry.yarnpkg.com/ws/-/ws-8.18.3.tgz#b56b88abffde62791c639170400c93dcb0c95472"
  integrity sha512-PEIGCY5tSlUt50cqyMXfCzX+oOPqN0vuGqWzbcJ2xvnkzkq46oOpz7dQaTDBdfICb4N14+GARUDw2XV2N4tvzg==
